Microsoft Visual Studio Solution File, Format Version 11.00
# Visual Studio 2010
Project("{2150E333-8FDC-42A3-9474-1A3956D46DE8}") = "Solution Items", "Solution Items", "{71905A24-D1C7-468D-8E25-553FA67DA2D9}"
EndProject
Project("{FAE04EC0-301F-11D3-BF4B-00C04F79EFBC}") = "Reni2", "reni2\Reni2.csproj", "{EBB73C84-6622-4183-A28F-B0DFF606006B}"
EndProject
Project("{FAE04EC0-301F-11D3-BF4B-00C04F79EFBC}") = "HWClassLibrary", "HWClassLibrary\HWClassLibrary.csproj", "{0402FAE1-D5D6-490F-BC68-C26C8873C0B2}"
EndProject
Project("{FAE04EC0-301F-11D3-BF4B-00C04F79EFBC}") = "reniTest", "ReniTest\reniTest.csproj", "{A639A515-D066-4C12-A4C5-07DA91C19A2C}"
EndProject
Project("{FAE04EC0-301F-11D3-BF4B-00C04F79EFBC}") = "ReniExe", "ReniExe\ReniExe.csproj", "{54D4A90B-C3CF-4F72-B447-CBC08B6EF5AB}"
EndProject
Global
	GlobalSection(SolutionConfigurationPlatforms) = preSolution
		Debug|Any CPU = Debug|Any CPU
		Release|Any CPU = Release|Any CPU
	EndGlobalSection
	GlobalSection(ProjectConfigurationPlatforms) = postSolution
		{EBB73C84-6622-4183-A28F-B0DFF606006B}.Debug|Any CPU.ActiveCfg = Debug|Any CPU
		{EBB73C84-6622-4183-A28F-B0DFF606006B}.Debug|Any CPU.Build.0 = Debug|Any CPU
		{EBB73C84-6622-4183-A28F-B0DFF606006B}.Release|Any CPU.ActiveCfg = Release|Any CPU
		{EBB73C84-6622-4183-A28F-B0DFF606006B}.Release|Any CPU.Build.0 = Release|Any CPU
		{0402FAE1-D5D6-490F-BC68-C26C8873C0B2}.Debug|Any CPU.ActiveCfg = Debug|Any CPU
		{0402FAE1-D5D6-490F-BC68-C26C8873C0B2}.Debug|Any CPU.Build.0 = Debug|Any CPU
		{0402FAE1-D5D6-490F-BC68-C26C8873C0B2}.Release|Any CPU.ActiveCfg = Release|Any CPU
		{0402FAE1-D5D6-490F-BC68-C26C8873C0B2}.Release|Any CPU.Build.0 = Release|Any CPU
		{A639A515-D066-4C12-A4C5-07DA91C19A2C}.Debug|Any CPU.ActiveCfg = Debug|Any CPU
		{A639A515-D066-4C12-A4C5-07DA91C19A2C}.Debug|Any CPU.Build.0 = Debug|Any CPU
		{A639A515-D066-4C12-A4C5-07DA91C19A2C}.Release|Any CPU.ActiveCfg = Release|Any CPU
		{A639A515-D066-4C12-A4C5-07DA91C19A2C}.Release|Any CPU.Build.0 = Release|Any CPU
		{54D4A90B-C3CF-4F72-B447-CBC08B6EF5AB}.Debug|Any CPU.ActiveCfg = Debug|Any CPU
		{54D4A90B-C3CF-4F72-B447-CBC08B6EF5AB}.Debug|Any CPU.Build.0 = Debug|Any CPU
		{54D4A90B-C3CF-4F72-B447-CBC08B6EF5AB}.Release|Any CPU.ActiveCfg = Release|Any CPU
		{54D4A90B-C3CF-4F72-B447-CBC08B6EF5AB}.Release|Any CPU.Build.0 = Release|Any CPU
	EndGlobalSection
	GlobalSection(SolutionProperties) = preSolution
		HideSolutionNode = FALSE
	EndGlobalSection
	GlobalSection(ExtensibilityGlobals) = postSolution
		VisualSVNWorkingCopyRoot = .
	EndGlobalSection
EndGlobal
