Microsoft Visual Studio Solution File, Format Version 12.00
# Visual Studio 15
VisualStudioVersion = 15.0.27130.2027
MinimumVisualStudioVersion = 10.0.40219.1
Project("{2150E333-8FDC-42A3-9474-1A3956D46DE8}") = "Solution Items", "Solution Items", "{71905A24-D1C7-468D-8E25-553FA67DA2D9}"
	ProjectSection(SolutionItems) = preProject
		..\.travis.yml = ..\.travis.yml
		Resources\Bool.ico = Resources\Bool.ico
		Resources\Cache.bmp = Resources\Cache.bmp
		Resources\Chip.ico = Resources\Chip.ico
		Resources\Code.bmp = Resources\Code.bmp
		Resources\Code.ico = Resources\Code.ico
		Resources\CodeError.ico = Resources\CodeError.ico
		Resources\Context.ico = Resources\Context.ico
		Resources\Dictionary.ico = Resources\Dictionary.ico
		Resources\empty.bmp = Resources\empty.bmp
		Resources\empty_o.bmp = Resources\empty_o.bmp
		Resources\Key.ico = Resources\Key.ico
		..\LICENSE = ..\LICENSE
		Resources\List.ico = Resources\List.ico
		Resources\ListItem.ico = Resources\ListItem.ico
		Resources\Number.ico = Resources\Number.ico
		Resources\Ok.bmp = Resources\Ok.bmp
		Resources\OnOff.ico = Resources\OnOff.ico
		..\README = ..\README
		Resources\reni.ico = Resources\reni.ico
		Resources\Size.ico = Resources\Size.ico
		Resources\Stack.Push.ico = Resources\Stack.Push.ico
		Resources\String.ico = Resources\String.ico
		Resources\Symbol.bmp = Resources\Symbol.bmp
		Resources\Syntax.bmp = Resources\Syntax.bmp
		Resources\Type.ico = Resources\Type.ico
		Resources\Unknown.bmp = Resources\Unknown.bmp
		Resources\UnknownCache.bmp = Resources\UnknownCache.bmp
	EndProjectSection
EndProject
Project("{2150E333-8FDC-42A3-9474-1A3956D46DE8}") = ".nuget", ".nuget", "{42AF6999-EE7E-46AC-BF8E-14F2F567ECF1}"
	ProjectSection(SolutionItems) = preProject
		.nuget\NuGet.Config = .nuget\NuGet.Config
		.nuget\NuGet.exe = .nuget\NuGet.exe
		.nuget\NuGet.targets = .nuget\NuGet.targets
	EndProjectSection
EndProject
Project("{2150E333-8FDC-42A3-9474-1A3956D46DE8}") = "build", "build", "{A045FCB3-C25B-416E-87DD-CC932863375C}"
	ProjectSection(SolutionItems) = preProject
		ReniLanguagePackage\Properties\AssemblyInfo.cs = ReniLanguagePackage\Properties\AssemblyInfo.cs
		..\build\CSharp.Exe.targets = ..\build\CSharp.Exe.targets
		..\build\CSharp.Library.targets = ..\build\CSharp.Library.targets
		..\build\CSharp.Library.UnitTest.targets = ..\build\CSharp.Library.UnitTest.targets
		..\build\CSharp.targets = ..\build\CSharp.targets
		..\build\CSharp.WinExe.targets = ..\build\CSharp.WinExe.targets
		..\build\HoyerWare.CSharp.targets = ..\build\HoyerWare.CSharp.targets
		..\build\NuGetPackage.targets = ..\build\NuGetPackage.targets
		..\build\sys.targets = ..\build\sys.targets
	EndProjectSection
EndProject
Project("{FAE04EC0-301F-11D3-BF4B-00C04F79EFBC}") = "Reni2", "reni2\Reni2.csproj", "{EBB73C84-6622-4183-A28F-B0DFF606006B}"
EndProject
Project("{FAE04EC0-301F-11D3-BF4B-00C04F79EFBC}") = "reniTest", "ReniTest\reniTest.csproj", "{A639A515-D066-4C12-A4C5-07DA91C19A2C}"
EndProject
Project("{FAE04EC0-301F-11D3-BF4B-00C04F79EFBC}") = "ReniExe", "ReniExe\ReniExe.csproj", "{54D4A90B-C3CF-4F72-B447-CBC08B6EF5AB}"
EndProject
Project("{FAE04EC0-301F-11D3-BF4B-00C04F79EFBC}") = "Theory", "Theory\Theory.csproj", "{9C9C2707-F251-4376-8940-A96A0E1688C2}"
EndProject
Project("{FAE04EC0-301F-11D3-BF4B-00C04F79EFBC}") = "reniBrowser", "ReniBrowser\reniBrowser.csproj", "{B639A515-D066-4C12-A4C5-07DA91C19A2C}"
	ProjectSection(ProjectDependencies) = postProject
		{C339A515-D066-4C12-A4C5-07DA91C19A2C} = {C339A515-D066-4C12-A4C5-07DA91C19A2C}
	EndProjectSection
EndProject
Project("{FAE04EC0-301F-11D3-BF4B-00C04F79EFBC}") = "reniUI", "ReniUI\reniUI.csproj", "{C339A515-D066-4C12-A4C5-07DA91C19A2C}"
EndProject
Project("{FAE04EC0-301F-11D3-BF4B-00C04F79EFBC}") = "reniStudio", "ReniStudio\reniStudio.csproj", "{DF39A515-D066-4C12-A4C5-07DA91C19A2C}"
EndProject
Project("{FAE04EC0-301F-11D3-BF4B-00C04F79EFBC}") = "ReniLanguagePackage", "ReniLanguagePackage\ReniLanguagePackage.csproj", "{E7CC94D4-F817-4A63-9848-C3D141133343}"
EndProject
Project("{8BC9CEB8-8B4A-11D0-8D11-00A0C91BC942}") = "renisource", "renisource\renisource.vcxproj", "{35E96DF4-0D75-49C3-A0EB-8E3D0EC39C8B}"
EndProject
Project("{FAE04EC0-301F-11D3-BF4B-00C04F79EFBC}") = "Stx", "Stx\Stx.csproj", "{5CA11CC4-C088-460B-975E-4E1B6B723749}"
EndProject
Project("{FAE04EC0-301F-11D3-BF4B-00C04F79EFBC}") = "Bnf", "Bnf\Bnf.csproj", "{22BB6C7A-FD56-48DC-9E12-998A217140E0}"
EndProject
Global
	GlobalSection(SolutionConfigurationPlatforms) = preSolution
		Debug|Any CPU = Debug|Any CPU
		Debug|x86 = Debug|x86
		Release|Any CPU = Release|Any CPU
		Release|x86 = Release|x86
	EndGlobalSection
	GlobalSection(ProjectConfigurationPlatforms) = postSolution
		{EBB73C84-6622-4183-A28F-B0DFF606006B}.Debug|Any CPU.ActiveCfg = Debug|Any CPU
		{EBB73C84-6622-4183-A28F-B0DFF606006B}.Debug|Any CPU.Build.0 = Debug|Any CPU
		{EBB73C84-6622-4183-A28F-B0DFF606006B}.Debug|x86.ActiveCfg = Debug|Any CPU
		{EBB73C84-6622-4183-A28F-B0DFF606006B}.Debug|x86.Build.0 = Debug|Any CPU
		{EBB73C84-6622-4183-A28F-B0DFF606006B}.Release|Any CPU.ActiveCfg = Release|Any CPU
		{EBB73C84-6622-4183-A28F-B0DFF606006B}.Release|Any CPU.Build.0 = Release|Any CPU
		{EBB73C84-6622-4183-A28F-B0DFF606006B}.Release|x86.ActiveCfg = Release|Any CPU
		{EBB73C84-6622-4183-A28F-B0DFF606006B}.Release|x86.Build.0 = Release|Any CPU
		{A639A515-D066-4C12-A4C5-07DA91C19A2C}.Debug|Any CPU.ActiveCfg = Debug|Any CPU
		{A639A515-D066-4C12-A4C5-07DA91C19A2C}.Debug|Any CPU.Build.0 = Debug|Any CPU
		{A639A515-D066-4C12-A4C5-07DA91C19A2C}.Debug|x86.ActiveCfg = Debug|Any CPU
		{A639A515-D066-4C12-A4C5-07DA91C19A2C}.Debug|x86.Build.0 = Debug|Any CPU
		{A639A515-D066-4C12-A4C5-07DA91C19A2C}.Release|Any CPU.ActiveCfg = Release|Any CPU
		{A639A515-D066-4C12-A4C5-07DA91C19A2C}.Release|Any CPU.Build.0 = Release|Any CPU
		{A639A515-D066-4C12-A4C5-07DA91C19A2C}.Release|x86.ActiveCfg = Release|Any CPU
		{A639A515-D066-4C12-A4C5-07DA91C19A2C}.Release|x86.Build.0 = Release|Any CPU
		{54D4A90B-C3CF-4F72-B447-CBC08B6EF5AB}.Debug|Any CPU.ActiveCfg = Debug|Any CPU
		{54D4A90B-C3CF-4F72-B447-CBC08B6EF5AB}.Debug|Any CPU.Build.0 = Debug|Any CPU
		{54D4A90B-C3CF-4F72-B447-CBC08B6EF5AB}.Debug|x86.ActiveCfg = Debug|Any CPU
		{54D4A90B-C3CF-4F72-B447-CBC08B6EF5AB}.Debug|x86.Build.0 = Debug|Any CPU
		{54D4A90B-C3CF-4F72-B447-CBC08B6EF5AB}.Release|Any CPU.ActiveCfg = Release|Any CPU
		{54D4A90B-C3CF-4F72-B447-CBC08B6EF5AB}.Release|Any CPU.Build.0 = Release|Any CPU
		{54D4A90B-C3CF-4F72-B447-CBC08B6EF5AB}.Release|x86.ActiveCfg = Release|Any CPU
		{54D4A90B-C3CF-4F72-B447-CBC08B6EF5AB}.Release|x86.Build.0 = Release|Any CPU
		{9C9C2707-F251-4376-8940-A96A0E1688C2}.Debug|Any CPU.ActiveCfg = Debug|Any CPU
		{9C9C2707-F251-4376-8940-A96A0E1688C2}.Debug|Any CPU.Build.0 = Debug|Any CPU
		{9C9C2707-F251-4376-8940-A96A0E1688C2}.Debug|x86.ActiveCfg = Debug|Any CPU
		{9C9C2707-F251-4376-8940-A96A0E1688C2}.Debug|x86.Build.0 = Debug|Any CPU
		{9C9C2707-F251-4376-8940-A96A0E1688C2}.Release|Any CPU.ActiveCfg = Release|Any CPU
		{9C9C2707-F251-4376-8940-A96A0E1688C2}.Release|Any CPU.Build.0 = Release|Any CPU
		{9C9C2707-F251-4376-8940-A96A0E1688C2}.Release|x86.ActiveCfg = Release|Any CPU
		{9C9C2707-F251-4376-8940-A96A0E1688C2}.Release|x86.Build.0 = Release|Any CPU
		{B639A515-D066-4C12-A4C5-07DA91C19A2C}.Debug|Any CPU.ActiveCfg = Debug|Any CPU
		{B639A515-D066-4C12-A4C5-07DA91C19A2C}.Debug|Any CPU.Build.0 = Debug|Any CPU
		{B639A515-D066-4C12-A4C5-07DA91C19A2C}.Debug|x86.ActiveCfg = Debug|Any CPU
		{B639A515-D066-4C12-A4C5-07DA91C19A2C}.Debug|x86.Build.0 = Debug|Any CPU
		{B639A515-D066-4C12-A4C5-07DA91C19A2C}.Release|Any CPU.ActiveCfg = Release|Any CPU
		{B639A515-D066-4C12-A4C5-07DA91C19A2C}.Release|Any CPU.Build.0 = Release|Any CPU
		{B639A515-D066-4C12-A4C5-07DA91C19A2C}.Release|x86.ActiveCfg = Release|Any CPU
		{B639A515-D066-4C12-A4C5-07DA91C19A2C}.Release|x86.Build.0 = Release|Any CPU
		{C339A515-D066-4C12-A4C5-07DA91C19A2C}.Debug|Any CPU.ActiveCfg = Debug|Any CPU
		{C339A515-D066-4C12-A4C5-07DA91C19A2C}.Debug|Any CPU.Build.0 = Debug|Any CPU
		{C339A515-D066-4C12-A4C5-07DA91C19A2C}.Debug|x86.ActiveCfg = Debug|Any CPU
		{C339A515-D066-4C12-A4C5-07DA91C19A2C}.Debug|x86.Build.0 = Debug|Any CPU
		{C339A515-D066-4C12-A4C5-07DA91C19A2C}.Release|Any CPU.ActiveCfg = Release|Any CPU
		{C339A515-D066-4C12-A4C5-07DA91C19A2C}.Release|Any CPU.Build.0 = Release|Any CPU
		{C339A515-D066-4C12-A4C5-07DA91C19A2C}.Release|x86.ActiveCfg = Release|Any CPU
		{C339A515-D066-4C12-A4C5-07DA91C19A2C}.Release|x86.Build.0 = Release|Any CPU
		{DF39A515-D066-4C12-A4C5-07DA91C19A2C}.Debug|Any CPU.ActiveCfg = Debug|Any CPU
		{DF39A515-D066-4C12-A4C5-07DA91C19A2C}.Debug|Any CPU.Build.0 = Debug|Any CPU
		{DF39A515-D066-4C12-A4C5-07DA91C19A2C}.Debug|x86.ActiveCfg = Debug|Any CPU
		{DF39A515-D066-4C12-A4C5-07DA91C19A2C}.Debug|x86.Build.0 = Debug|Any CPU
		{DF39A515-D066-4C12-A4C5-07DA91C19A2C}.Release|Any CPU.ActiveCfg = Release|Any CPU
		{DF39A515-D066-4C12-A4C5-07DA91C19A2C}.Release|Any CPU.Build.0 = Release|Any CPU
		{DF39A515-D066-4C12-A4C5-07DA91C19A2C}.Release|x86.ActiveCfg = Release|Any CPU
		{DF39A515-D066-4C12-A4C5-07DA91C19A2C}.Release|x86.Build.0 = Release|Any CPU
		{E7CC94D4-F817-4A63-9848-C3D141133343}.Debug|Any CPU.ActiveCfg = Debug|Any CPU
		{E7CC94D4-F817-4A63-9848-C3D141133343}.Debug|Any CPU.Build.0 = Debug|Any CPU
		{E7CC94D4-F817-4A63-9848-C3D141133343}.Debug|x86.ActiveCfg = Debug|Any CPU
		{E7CC94D4-F817-4A63-9848-C3D141133343}.Debug|x86.Build.0 = Debug|Any CPU
		{E7CC94D4-F817-4A63-9848-C3D141133343}.Release|Any CPU.ActiveCfg = Release|Any CPU
		{E7CC94D4-F817-4A63-9848-C3D141133343}.Release|Any CPU.Build.0 = Release|Any CPU
		{E7CC94D4-F817-4A63-9848-C3D141133343}.Release|x86.ActiveCfg = Release|Any CPU
		{E7CC94D4-F817-4A63-9848-C3D141133343}.Release|x86.Build.0 = Release|Any CPU
		{35E96DF4-0D75-49C3-A0EB-8E3D0EC39C8B}.Debug|Any CPU.ActiveCfg = Debug|Win32
		{35E96DF4-0D75-49C3-A0EB-8E3D0EC39C8B}.Debug|x86.ActiveCfg = Debug|Win32
		{35E96DF4-0D75-49C3-A0EB-8E3D0EC39C8B}.Debug|x86.Build.0 = Debug|Win32
		{35E96DF4-0D75-49C3-A0EB-8E3D0EC39C8B}.Release|Any CPU.ActiveCfg = Release|Win32
		{35E96DF4-0D75-49C3-A0EB-8E3D0EC39C8B}.Release|x86.ActiveCfg = Release|Win32
		{35E96DF4-0D75-49C3-A0EB-8E3D0EC39C8B}.Release|x86.Build.0 = Release|Win32
		{5CA11CC4-C088-460B-975E-4E1B6B723749}.Debug|Any CPU.ActiveCfg = Debug|Any CPU
		{5CA11CC4-C088-460B-975E-4E1B6B723749}.Debug|Any CPU.Build.0 = Debug|Any CPU
		{5CA11CC4-C088-460B-975E-4E1B6B723749}.Debug|x86.ActiveCfg = Debug|Any CPU
		{5CA11CC4-C088-460B-975E-4E1B6B723749}.Debug|x86.Build.0 = Debug|Any CPU
		{5CA11CC4-C088-460B-975E-4E1B6B723749}.Release|Any CPU.ActiveCfg = Release|Any CPU
		{5CA11CC4-C088-460B-975E-4E1B6B723749}.Release|Any CPU.Build.0 = Release|Any CPU
		{5CA11CC4-C088-460B-975E-4E1B6B723749}.Release|x86.ActiveCfg = Release|Any CPU
		{5CA11CC4-C088-460B-975E-4E1B6B723749}.Release|x86.Build.0 = Release|Any CPU
		{22BB6C7A-FD56-48DC-9E12-998A217140E0}.Debug|Any CPU.ActiveCfg = Debug|Any CPU
		{22BB6C7A-FD56-48DC-9E12-998A217140E0}.Debug|Any CPU.Build.0 = Debug|Any CPU
		{22BB6C7A-FD56-48DC-9E12-998A217140E0}.Debug|x86.ActiveCfg = Debug|Any CPU
		{22BB6C7A-FD56-48DC-9E12-998A217140E0}.Debug|x86.Build.0 = Debug|Any CPU
		{22BB6C7A-FD56-48DC-9E12-998A217140E0}.Release|Any CPU.ActiveCfg = Release|Any CPU
		{22BB6C7A-FD56-48DC-9E12-998A217140E0}.Release|Any CPU.Build.0 = Release|Any CPU
		{22BB6C7A-FD56-48DC-9E12-998A217140E0}.Release|x86.ActiveCfg = Release|Any CPU
		{22BB6C7A-FD56-48DC-9E12-998A217140E0}.Release|x86.Build.0 = Release|Any CPU
	EndGlobalSection
	GlobalSection(SolutionProperties) = preSolution
		HideSolutionNode = FALSE
	EndGlobalSection
	GlobalSection(ExtensibilityGlobals) = postSolution
		VisualSVNWorkingCopyRoot = .
		SolutionGuid = {16B1A750-4D72-48AD-A91D-23A7F10F4CDD}
	EndGlobalSection
	GlobalSection(CodealikeProperties) = postSolution
		SolutionGuid = eaf46459-7dac-4986-b4bb-bb69ffbc6141
	EndGlobalSection
EndGlobal
