Microsoft Visual Studio Solution File, Format Version 12.00
# Visual Studio 14
VisualStudioVersion = 14.0.22823.1
MinimumVisualStudioVersion = 10.0.40219.1
Project("{2150E333-8FDC-42A3-9474-1A3956D46DE8}") = "Solution Items", "Solution Items", "{71905A24-D1C7-468D-8E25-553FA67DA2D9}"
	ProjectSection(SolutionItems) = preProject
		Resources\Bool.ico = Resources\Bool.ico
		Resources\Cache.bmp = Resources\Cache.bmp
		Resources\Chip.ico = Resources\Chip.ico
		Resources\Code.bmp = Resources\Code.bmp
		Resources\Code.ico = Resources\Code.ico
		Resources\CodeError.ico = Resources\CodeError.ico
		Resources\Context.ico = Resources\Context.ico
		Resources\Dictionary.ico = Resources\Dictionary.ico
		Resources\empty.bmp = Resources\empty.bmp
		Resources\empty_o.bmp = Resources\empty_o.bmp
		Resources\Key.ico = Resources\Key.ico
		..\LICENSE = ..\LICENSE
		Resources\List.ico = Resources\List.ico
		Resources\ListItem.ico = Resources\ListItem.ico
		Resources\Number.ico = Resources\Number.ico
		Resources\Ok.bmp = Resources\Ok.bmp
		Resources\OnOff.ico = Resources\OnOff.ico
		..\README = ..\README
		Resources\reni.ico = Resources\reni.ico
		Resources\Size.ico = Resources\Size.ico
		Resources\Stack.Push.ico = Resources\Stack.Push.ico
		Resources\String.ico = Resources\String.ico
		Resources\Symbol.bmp = Resources\Symbol.bmp
		Resources\Syntax.bmp = Resources\Syntax.bmp
		Resources\Type.ico = Resources\Type.ico
		Resources\Unknown.bmp = Resources\Unknown.bmp
		Resources\UnknownCache.bmp = Resources\UnknownCache.bmp
	EndProjectSection
EndProject
Project("{FAE04EC0-301F-11D3-BF4B-00C04F79EFBC}") = "Reni2", "reni2\Reni2.csproj", "{EBB73C84-6622-4183-A28F-B0DFF606006B}"
EndProject
Project("{FAE04EC0-301F-11D3-BF4B-00C04F79EFBC}") = "reniTest", "ReniTest\reniTest.csproj", "{A639A515-D066-4C12-A4C5-07DA91C19A2C}"
EndProject
Project("{FAE04EC0-301F-11D3-BF4B-00C04F79EFBC}") = "ReniExe", "ReniExe\ReniExe.csproj", "{54D4A90B-C3CF-4F72-B447-CBC08B6EF5AB}"
EndProject
Project("{E24C65DC-7377-472B-9ABA-BC803B73C61A}") = "RootSite", "http://localhost:60845", "{9FC7AA26-0AF2-4E78-A0CC-FF456A3FF598}"
	ProjectSection(WebsiteProperties) = preProject
		UseIISExpress = "true"
		TargetFrameworkMoniker = ".NETFramework,Version%3Dv4.0"
		ProjectReferences = "{ebb73c84-6622-4183-a28f-b0dff606006b}|Reni.dll;"
		Debug.AspNetCompiler.VirtualPath = "/localhost_60845"
		Debug.AspNetCompiler.PhysicalPath = "RootSite\"
		Debug.AspNetCompiler.TargetPath = "PrecompiledWeb\localhost_60845\"
		Debug.AspNetCompiler.Updateable = "true"
		Debug.AspNetCompiler.ForceOverwrite = "true"
		Debug.AspNetCompiler.FixedNames = "false"
		Debug.AspNetCompiler.Debug = "True"
		Release.AspNetCompiler.VirtualPath = "/localhost_60845"
		Release.AspNetCompiler.PhysicalPath = "RootSite\"
		Release.AspNetCompiler.TargetPath = "PrecompiledWeb\localhost_60845\"
		Release.AspNetCompiler.Updateable = "true"
		Release.AspNetCompiler.ForceOverwrite = "true"
		Release.AspNetCompiler.FixedNames = "false"
		Release.AspNetCompiler.Debug = "False"
		SlnRelativePath = "RootSite\"
		DefaultWebSiteLanguage = "Visual C#"
		StartServerOnDebug = "false"
	EndProjectSection
EndProject
Project("{2150E333-8FDC-42A3-9474-1A3956D46DE8}") = ".nuget", ".nuget", "{42AF6999-EE7E-46AC-BF8E-14F2F567ECF1}"
	ProjectSection(SolutionItems) = preProject
		.nuget\NuGet.Config = .nuget\NuGet.Config
		.nuget\NuGet.exe = .nuget\NuGet.exe
		.nuget\NuGet.targets = .nuget\NuGet.targets
	EndProjectSection
EndProject
Project("{2150E333-8FDC-42A3-9474-1A3956D46DE8}") = "build", "build", "{A045FCB3-C25B-416E-87DD-CC932863375C}"
	ProjectSection(SolutionItems) = preProject
		ReniLanguagePackage\Properties\AssemblyInfo.cs = ReniLanguagePackage\Properties\AssemblyInfo.cs
		..\build\CSharp.Exe.targets = ..\build\CSharp.Exe.targets
		..\build\CSharp.Library.targets = ..\build\CSharp.Library.targets
		..\build\CSharp.Library.UnitTest.targets = ..\build\CSharp.Library.UnitTest.targets
		..\build\CSharp.targets = ..\build\CSharp.targets
		..\build\CSharp.WinExe.targets = ..\build\CSharp.WinExe.targets
		..\build\HoyerWare.CSharp.targets = ..\build\HoyerWare.CSharp.targets
		..\build\NuGetPackage.targets = ..\build\NuGetPackage.targets
		..\build\sys.targets = ..\build\sys.targets
	EndProjectSection
EndProject
Project("{FAE04EC0-301F-11D3-BF4B-00C04F79EFBC}") = "ReniLanguagePackage", "ReniLanguagePackage\ReniLanguagePackage.csproj", "{E7CC94D4-F817-4A63-9848-C3D141133343}"
EndProject
Global
	GlobalSection(SolutionConfigurationPlatforms) = preSolution
		Debug|Any CPU = Debug|Any CPU
		Release|Any CPU = Release|Any CPU
	EndGlobalSection
	GlobalSection(ProjectConfigurationPlatforms) = postSolution
		{EBB73C84-6622-4183-A28F-B0DFF606006B}.Debug|Any CPU.ActiveCfg = Debug|Any CPU
		{EBB73C84-6622-4183-A28F-B0DFF606006B}.Debug|Any CPU.Build.0 = Debug|Any CPU
		{EBB73C84-6622-4183-A28F-B0DFF606006B}.Release|Any CPU.ActiveCfg = Release|Any CPU
		{EBB73C84-6622-4183-A28F-B0DFF606006B}.Release|Any CPU.Build.0 = Release|Any CPU
		{A639A515-D066-4C12-A4C5-07DA91C19A2C}.Debug|Any CPU.ActiveCfg = Debug|Any CPU
		{A639A515-D066-4C12-A4C5-07DA91C19A2C}.Debug|Any CPU.Build.0 = Debug|Any CPU
		{A639A515-D066-4C12-A4C5-07DA91C19A2C}.Release|Any CPU.ActiveCfg = Release|Any CPU
		{A639A515-D066-4C12-A4C5-07DA91C19A2C}.Release|Any CPU.Build.0 = Release|Any CPU
		{54D4A90B-C3CF-4F72-B447-CBC08B6EF5AB}.Debug|Any CPU.ActiveCfg = Debug|Any CPU
		{54D4A90B-C3CF-4F72-B447-CBC08B6EF5AB}.Debug|Any CPU.Build.0 = Debug|Any CPU
		{54D4A90B-C3CF-4F72-B447-CBC08B6EF5AB}.Release|Any CPU.ActiveCfg = Release|Any CPU
		{54D4A90B-C3CF-4F72-B447-CBC08B6EF5AB}.Release|Any CPU.Build.0 = Release|Any CPU
		{9FC7AA26-0AF2-4E78-A0CC-FF456A3FF598}.Debug|Any CPU.ActiveCfg = Debug|Any CPU
		{9FC7AA26-0AF2-4E78-A0CC-FF456A3FF598}.Debug|Any CPU.Build.0 = Debug|Any CPU
		{9FC7AA26-0AF2-4E78-A0CC-FF456A3FF598}.Release|Any CPU.ActiveCfg = Debug|Any CPU
		{9FC7AA26-0AF2-4E78-A0CC-FF456A3FF598}.Release|Any CPU.Build.0 = Debug|Any CPU
		{E7CC94D4-F817-4A63-9848-C3D141133343}.Debug|Any CPU.ActiveCfg = Debug|Any CPU
		{E7CC94D4-F817-4A63-9848-C3D141133343}.Debug|Any CPU.Build.0 = Debug|Any CPU
		{E7CC94D4-F817-4A63-9848-C3D141133343}.Release|Any CPU.ActiveCfg = Release|Any CPU
		{E7CC94D4-F817-4A63-9848-C3D141133343}.Release|Any CPU.Build.0 = Release|Any CPU
	EndGlobalSection
	GlobalSection(SolutionProperties) = preSolution
		HideSolutionNode = FALSE
	EndGlobalSection
	GlobalSection(ExtensibilityGlobals) = postSolution
		VisualSVNWorkingCopyRoot = .
	EndGlobalSection
	GlobalSection(CodealikeProperties) = postSolution
		SolutionGuid = eaf46459-7dac-4986-b4bb-bb69ffbc6141
	EndGlobalSection
EndGlobal
