Microsoft Visual Studio Solution File, Format Version 11.00
# Visual Studio 2010
Project("{FAE04EC0-301F-11D3-BF4B-00C04F79EFBC}") = "reni2", "reni2\reni2.csproj", "{EBB73C84-6622-4183-A28F-B0DFF606006B}"
EndProject
Project("{FAE04EC0-301F-11D3-BF4B-00C04F79EFBC}") = "HWClassLibrary", "HWClassLibrary\HWClassLibrary.csproj", "{0402FAE1-D5D6-490F-BC68-C26C8873C0B2}"
EndProject
Project("{E24C65DC-7377-472B-9ABA-BC803B73C61A}") = "WebSite", "WebSite\", "{2C6DB089-102F-49D6-9020-AA2B1026A52F}"
	ProjectSection(WebsiteProperties) = preProject
		TargetFrameworkMoniker = ".NETFramework,Version%3Dv4.0.1"
		ProjectReferences = "{0402FAE1-D5D6-490F-BC68-C26C8873C0B2}|HWClassLibrary.dll;{EBB73C84-6622-4183-A28F-B0DFF606006B}|Reni.dll;"
		Debug.AspNetCompiler.VirtualPath = "/WebSite"
		Debug.AspNetCompiler.PhysicalPath = "WebSite\"
		Debug.AspNetCompiler.TargetPath = "PrecompiledWeb\WebSite\"
		Debug.AspNetCompiler.Updateable = "true"
		Debug.AspNetCompiler.ForceOverwrite = "true"
		Debug.AspNetCompiler.FixedNames = "false"
		Debug.AspNetCompiler.Debug = "True"
		Release.AspNetCompiler.VirtualPath = "/WebSite"
		Release.AspNetCompiler.PhysicalPath = "WebSite\"
		Release.AspNetCompiler.TargetPath = "PrecompiledWeb\WebSite\"
		Release.AspNetCompiler.Updateable = "true"
		Release.AspNetCompiler.ForceOverwrite = "true"
		Release.AspNetCompiler.FixedNames = "false"
		Release.AspNetCompiler.Debug = "False"
		VWDPort = "14857"
		VWDDynamicPort = "false"
		VWDVirtualPath = "/reni"
		DefaultWebSiteLanguage = "Visual C#"
		StartServerOnDebug = "false"
	EndProjectSection
EndProject
Global
	GlobalSection(SolutionConfigurationPlatforms) = preSolution
		Debug|Any CPU = Debug|Any CPU
		Release|Any CPU = Release|Any CPU
	EndGlobalSection
	GlobalSection(ProjectConfigurationPlatforms) = postSolution
		{EBB73C84-6622-4183-A28F-B0DFF606006B}.Debug|Any CPU.ActiveCfg = Debug|Any CPU
		{EBB73C84-6622-4183-A28F-B0DFF606006B}.Debug|Any CPU.Build.0 = Debug|Any CPU
		{EBB73C84-6622-4183-A28F-B0DFF606006B}.Release|Any CPU.ActiveCfg = Release|Any CPU
		{EBB73C84-6622-4183-A28F-B0DFF606006B}.Release|Any CPU.Build.0 = Release|Any CPU
		{0402FAE1-D5D6-490F-BC68-C26C8873C0B2}.Debug|Any CPU.ActiveCfg = Debug|Any CPU
		{0402FAE1-D5D6-490F-BC68-C26C8873C0B2}.Debug|Any CPU.Build.0 = Debug|Any CPU
		{0402FAE1-D5D6-490F-BC68-C26C8873C0B2}.Release|Any CPU.ActiveCfg = Release|Any CPU
		{0402FAE1-D5D6-490F-BC68-C26C8873C0B2}.Release|Any CPU.Build.0 = Release|Any CPU
		{2C6DB089-102F-49D6-9020-AA2B1026A52F}.Debug|Any CPU.ActiveCfg = Debug|Any CPU
		{2C6DB089-102F-49D6-9020-AA2B1026A52F}.Debug|Any CPU.Build.0 = Debug|Any CPU
		{2C6DB089-102F-49D6-9020-AA2B1026A52F}.Release|Any CPU.ActiveCfg = Debug|Any CPU
		{2C6DB089-102F-49D6-9020-AA2B1026A52F}.Release|Any CPU.Build.0 = Debug|Any CPU
	EndGlobalSection
	GlobalSection(SolutionProperties) = preSolution
		HideSolutionNode = FALSE
	EndGlobalSection
EndGlobal
